
Microsoft Visual Studio Solution File, Format Version 12.00
# Visual Studio Version 16
VisualStudioVersion = 16.0.31321.278
MinimumVisualStudioVersion = 10.0.40219.1
Project("{9A19103F-16F7-4668-BE54-9A1E7A4F7556}") = "WindowsOptimizations.WPF", "WindowsOptimizations.WPF\WindowsOptimizations.WPF.csproj", "{728FD251-CDF4-4DEC-B2EC-EAAF0A76F48F}"
EndProject
Project("{9A19103F-16F7-4668-BE54-9A1E7A4F7556}") = "WindowsOptimizations.Core", "WindowsOptimizations.Core\WindowsOptimizations.Core.csproj", "{0FD56B4A-1C76-4D31-B4D5-5DD4074BB037}"
EndProject
Global
	GlobalSection(SolutionConfigurationPlatforms) = preSolution
		Debug|Any CPU = Debug|Any CPU
		Release|Any CPU = Release|Any CPU
	EndGlobalSection
	GlobalSection(ProjectConfigurationPlatforms) = postSolution
		{728FD251-CDF4-4DEC-B2EC-EAAF0A76F48F}.Debug|Any CPU.ActiveCfg = Debug|Any CPU
		{728FD251-CDF4-4DEC-B2EC-EAAF0A76F48F}.Debug|Any CPU.Build.0 = Debug|Any CPU
		{728FD251-CDF4-4DEC-B2EC-EAAF0A76F48F}.Release|Any CPU.ActiveCfg = Release|Any CPU
		{728FD251-CDF4-4DEC-B2EC-EAAF0A76F48F}.Release|Any CPU.Build.0 = Release|Any CPU
		{0FD56B4A-1C76-4D31-B4D5-5DD4074BB037}.Debug|Any CPU.ActiveCfg = Debug|Any CPU
		{0FD56B4A-1C76-4D31-B4D5-5DD4074BB037}.Debug|Any CPU.Build.0 = Debug|Any CPU
		{0FD56B4A-1C76-4D31-B4D5-5DD4074BB037}.Release|Any CPU.ActiveCfg = Release|Any CPU
		{0FD56B4A-1C76-4D31-B4D5-5DD4074BB037}.Release|Any CPU.Build.0 = Release|Any CPU
	EndGlobalSection
	GlobalSection(SolutionProperties) = preSolution
		HideSolutionNode = FALSE
	EndGlobalSection
	GlobalSection(ExtensibilityGlobals) = postSolution
		SolutionGuid = {AC2E5C75-CDA6-4DA4-87CC-B292A5CB9A7E}
	EndGlobalSection
EndGlobal
